Microsoft Visual Studio Solution File, Format Version 11.00
# Visual Studio 2008

Project("{76C741A6-4CC7-677D-28CF-C0BA0812D670}") = "arPj", "Assembly-CSharp-vs.csproj", "{EE7BA54B-6A7D-5A51-B99B-A5094D57970A}"
EndProject
Project("{76C741A6-4CC7-677D-28CF-C0BA0812D670}") = "arPj", "Assembly-CSharp-Editor-vs.csproj", "{D32EA82C-2621-FE94-B45E-2F7943FE2024}"
EndProject
Global
	GlobalSection(SolutionConfigurationPlatforms) = preSolution
		Debug|Any CPU = Debug|Any CPU
		Release|Any CPU = Release|Any CPU
	EndGlobalSection
	GlobalSection(ProjectConfigurationPlatforms) = postSolution
		{EE7BA54B-6A7D-5A51-B99B-A5094D57970A}.Debug|Any CPU.ActiveCfg = Debug|Any CPU
		{EE7BA54B-6A7D-5A51-B99B-A5094D57970A}.Debug|Any CPU.Build.0 = Debug|Any CPU
		{EE7BA54B-6A7D-5A51-B99B-A5094D57970A}.Release|Any CPU.ActiveCfg = Release|Any CPU
		{EE7BA54B-6A7D-5A51-B99B-A5094D57970A}.Release|Any CPU.Build.0 = Release|Any CPU
		{D32EA82C-2621-FE94-B45E-2F7943FE2024}.Debug|Any CPU.ActiveCfg = Debug|Any CPU
		{D32EA82C-2621-FE94-B45E-2F7943FE2024}.Debug|Any CPU.Build.0 = Debug|Any CPU
		{D32EA82C-2621-FE94-B45E-2F7943FE2024}.Release|Any CPU.ActiveCfg = Release|Any CPU
		{D32EA82C-2621-FE94-B45E-2F7943FE2024}.Release|Any CPU.Build.0 = Release|Any CPU
	EndGlobalSection
	GlobalSection(SolutionProperties) = preSolution
		HideSolutionNode = FALSE
	EndGlobalSection
									GlobalSection(MonoDevelopProperties) = preSolution
		StartupItem = Assembly-CSharp.csproj
		Policies = $0
		$0.TextStylePolicy = $1
		$1.inheritsSet = null
		$1.scope = text/x-csharp
		$0.CSharpFormattingPolicy = $2
		$2.inheritsSet = Mono
		$2.inheritsScope = text/x-csharp
		$2.scope = text/x-csharp
		$0.TextStylePolicy = $3
		$3.FileWidth = 120
		$3.TabWidth = 4
		$3.EolMarker = Unix
		$3.inheritsSet = Mono
		$3.inheritsScope = text/plain
		$3.scope = text/plain
	EndGlobalSection

EndGlobal
